// !$*UTF8*$!
{
	archiveVersion = 1;
	classes = {
	};
	objectVersion = 55;
	objects = {

/* Begin PBXBuildFile section */
		529AA9392949338500943089 /* MangaListViewModel.swift in Sources */ = {isa = PBXBuildFile; fileRef = 529AA9382949338500943089 /* MangaListViewModel.swift */; };
		52A0E83F293F818300E641B3 /* FukkatsuApp.swift in Sources */ = {isa = PBXBuildFile; fileRef = 52A0E83E293F818300E641B3 /* FukkatsuApp.swift */; };
		52A0E841293F818300E641B3 /* ContentView.swift in Sources */ = {isa = PBXBuildFile; fileRef = 52A0E840293F818300E641B3 /* ContentView.swift */; };
		52A0E843293F818600E641B3 /* Assets.xcassets in Resources */ = {isa = PBXBuildFile; fileRef = 52A0E842293F818600E641B3 /* Assets.xcassets */; };
		52A0E846293F818600E641B3 /* Preview Assets.xcassets in Resources */ = {isa = PBXBuildFile; fileRef = 52A0E845293F818600E641B3 /* Preview Assets.xcassets */; };
		52A0E850293F818600E641B3 /* FukkatsuTests.swift in Sources */ = {isa = PBXBuildFile; fileRef = 52A0E84F293F818600E641B3 /* FukkatsuTests.swift */; };
		52A0E85A293F818600E641B3 /* FukkatsuUITests.swift in Sources */ = {isa = PBXBuildFile; fileRef = 52A0E859293F818600E641B3 /* FukkatsuUITests.swift */; };
		52A0E85C293F818600E641B3 /* FukkatsuUITestsLaunchTests.swift in Sources */ = {isa = PBXBuildFile; fileRef = 52A0E85B293F818600E641B3 /* FukkatsuUITestsLaunchTests.swift */; };
		52A0E86F293F91C600E641B3 /* MangaListView.swift in Sources */ = {isa = PBXBuildFile; fileRef = 52A0E86E293F91C600E641B3 /* MangaListView.swift */; };
		52B2E1322947BD9800D2E7FA /* Manga.swift in Sources */ = {isa = PBXBuildFile; fileRef = 52B2E1312947BD9800D2E7FA /* Manga.swift */; };
		9409C2482967224E00D583B9 /* MangaViewModel.swift in Sources */ = {isa = PBXBuildFile; fileRef = 9409C2472967224E00D583B9 /* MangaViewModel.swift */; };
		943F928D2987F4A8007661AE /* FeedView.swift in Sources */ = {isa = PBXBuildFile; fileRef = 943F928C2987F4A8007661AE /* FeedView.swift */; };
		943F928F29883CB2007661AE /* Helper.swift in Sources */ = {isa = PBXBuildFile; fileRef = 943F928E29883CB2007661AE /* Helper.swift */; };
		946F9F142964F1FA001AB55A /* MangaView.swift in Sources */ = {isa = PBXBuildFile; fileRef = 946F9F132964F1FA001AB55A /* MangaView.swift */; };
		94CB34442A449E630098F85B /* MangaAggregate.swift in Sources */ = {isa = PBXBuildFile; fileRef = 94CB34432A449E630098F85B /* MangaAggregate.swift */; };
		94F3CF5A2A1D4C81005E8677 /* FeedViewModel.swift in Sources */ = {isa = PBXBuildFile; fileRef = 94F3CF592A1D4C81005E8677 /* FeedViewModel.swift */; };
		94F3CF5C2A1D5048005E8677 /* Feed.swift in Sources */ = {isa = PBXBuildFile; fileRef = 94F3CF5B2A1D5048005E8677 /* Feed.swift */; };
		94F3CF602A24F57E005E8677 /* ReaderView.swift in Sources */ = {isa = PBXBuildFile; fileRef = 94F3CF5F2A24F57E005E8677 /* ReaderView.swift */; };
		94F3CF622A24F5A2005E8677 /* ReaderViewModel.swift in Sources */ = {isa = PBXBuildFile; fileRef = 94F3CF612A24F5A2005E8677 /* ReaderViewModel.swift */; };
		94F3CF642A24FC09005E8677 /* Chapter.swift in Sources */ = {isa = PBXBuildFile; fileRef = 94F3CF632A24FC09005E8677 /* Chapter.swift */; };
		94FB7E542A39100300A801B2 /* Kingfisher in Frameworks */ = {isa = PBXBuildFile; productRef = 94FB7E532A39100300A801B2 /* Kingfisher */; };
/* End PBXBuildFile section */

/* Begin PBXContainerItemProxy section */
		52A0E84C293F818600E641B3 /* PBXContainerItemProxy */ = {
			isa = PBXContainerItemProxy;
			containerPortal = 52A0E833293F818200E641B3 /* Project object */;
			proxyType = 1;
			remoteGlobalIDString = 52A0E83A293F818200E641B3;
			remoteInfo = Fukkatsu;
		};
		52A0E856293F818600E641B3 /* PBXContainerItemProxy */ = {
			isa = PBXContainerItemProxy;
			containerPortal = 52A0E833293F818200E641B3 /* Project object */;
			proxyType = 1;
			remoteGlobalIDString = 52A0E83A293F818200E641B3;
			remoteInfo = Fukkatsu;
		};
/* End PBXContainerItemProxy section */

/* Begin PBXFileReference section */
		529AA9382949338500943089 /* MangaListViewModel.swift */ = {isa = PBXFileReference; lastKnownFileType = sourcecode.swift; path = MangaListViewModel.swift; sourceTree = "<group>"; };
		52A0E83B293F818300E641B3 /* Fukkatsu.app */ = {isa = PBXFileReference; explicitFileType = wrapper.application; includeInIndex = 0; path = Fukkatsu.app; sourceTree = BUILT_PRODUCTS_DIR; };
		52A0E83E293F818300E641B3 /* FukkatsuApp.swift */ = {isa = PBXFileReference; lastKnownFileType = sourcecode.swift; path = FukkatsuApp.swift; sourceTree = "<group>"; };
		52A0E840293F818300E641B3 /* ContentView.swift */ = {isa = PBXFileReference; lastKnownFileType = sourcecode.swift; path = ContentView.swift; sourceTree = "<group>"; };
		52A0E842293F818600E641B3 /* Assets.xcassets */ = {isa = PBXFileReference; lastKnownFileType = folder.assetcatalog; path = Assets.xcassets; sourceTree = "<group>"; };
		52A0E845293F818600E641B3 /* Preview Assets.xcassets */ = {isa = PBXFileReference; lastKnownFileType = folder.assetcatalog; path = "Preview Assets.xcassets"; sourceTree = "<group>"; };
		52A0E84B293F818600E641B3 /* FukkatsuTests.xctest */ = {isa = PBXFileReference; explicitFileType = wrapper.cfbundle; includeInIndex = 0; path = FukkatsuTests.xctest; sourceTree = BUILT_PRODUCTS_DIR; };
		52A0E84F293F818600E641B3 /* FukkatsuTests.swift */ = {isa = PBXFileReference; lastKnownFileType = sourcecode.swift; path = FukkatsuTests.swift; sourceTree = "<group>"; };
		52A0E855293F818600E641B3 /* FukkatsuUITests.xctest */ = {isa = PBXFileReference; explicitFileType = wrapper.cfbundle; includeInIndex = 0; path = FukkatsuUITests.xctest; sourceTree = BUILT_PRODUCTS_DIR; };
		52A0E859293F818600E641B3 /* FukkatsuUITests.swift */ = {isa = PBXFileReference; lastKnownFileType = sourcecode.swift; path = FukkatsuUITests.swift; sourceTree = "<group>"; };
		52A0E85B293F818600E641B3 /* FukkatsuUITestsLaunchTests.swift */ = {isa = PBXFileReference; lastKnownFileType = sourcecode.swift; path = FukkatsuUITestsLaunchTests.swift; sourceTree = "<group>"; };
		52A0E86E293F91C600E641B3 /* MangaListView.swift */ = {isa = PBXFileReference; lastKnownFileType = sourcecode.swift; path = MangaListView.swift; sourceTree = "<group>"; };
		52B2E1312947BD9800D2E7FA /* Manga.swift */ = {isa = PBXFileReference; lastKnownFileType = sourcecode.swift; path = Manga.swift; sourceTree = "<group>"; };
		9409C2472967224E00D583B9 /* MangaViewModel.swift */ = {isa = PBXFileReference; lastKnownFileType = sourcecode.swift; path = MangaViewModel.swift; sourceTree = "<group>"; };
		94276C2E296E79A3001C0268 /* Info.plist */ = {isa = PBXFileReference; lastKnownFileType = text.plist; path = Info.plist; sourceTree = "<group>"; };
		943F928C2987F4A8007661AE /* FeedView.swift */ = {isa = PBXFileReference; lastKnownFileType = sourcecode.swift; path = FeedView.swift; sourceTree = "<group>"; };
		943F928E29883CB2007661AE /* Helper.swift */ = {isa = PBXFileReference; lastKnownFileType = sourcecode.swift; path = Helper.swift; sourceTree = "<group>"; };
		946F9F132964F1FA001AB55A /* MangaView.swift */ = {isa = PBXFileReference; lastKnownFileType = sourcecode.swift; path = MangaView.swift; sourceTree = "<group>"; };
		94CB34432A449E630098F85B /* MangaAggregate.swift */ = {isa = PBXFileReference; lastKnownFileType = sourcecode.swift; path = MangaAggregate.swift; sourceTree = "<group>"; };
		94F3CF592A1D4C81005E8677 /* FeedViewModel.swift */ = {isa = PBXFileReference; lastKnownFileType = sourcecode.swift; path = FeedViewModel.swift; sourceTree = "<group>"; };
		94F3CF5B2A1D5048005E8677 /* Feed.swift */ = {isa = PBXFileReference; lastKnownFileType = sourcecode.swift; path = Feed.swift; sourceTree = "<group>"; };
		94F3CF5F2A24F57E005E8677 /* ReaderView.swift */ = {isa = PBXFileReference; lastKnownFileType = sourcecode.swift; path = ReaderView.swift; sourceTree = "<group>"; };
		94F3CF612A24F5A2005E8677 /* ReaderViewModel.swift */ = {isa = PBXFileReference; lastKnownFileType = sourcecode.swift; path = ReaderViewModel.swift; sourceTree = "<group>"; };
		94F3CF632A24FC09005E8677 /* Chapter.swift */ = {isa = PBXFileReference; lastKnownFileType = sourcecode.swift; path = Chapter.swift; sourceTree = "<group>"; };
/* End PBXFileReference section */

/* Begin PBXFrameworksBuildPhase section */
		52A0E838293F818200E641B3 /* Frameworks */ = {
			isa = PBXFrameworksBuildPhase;
			buildActionMask = 2147483647;
			files = (
				94FB7E542A39100300A801B2 /* Kingfisher in Frameworks */,
			);
			runOnlyForDeploymentPostprocessing = 0;
		};
		52A0E848293F818600E641B3 /* Frameworks */ = {
			isa = PBXFrameworksBuildPhase;
			buildActionMask = 2147483647;
			files = (
			);
			runOnlyForDeploymentPostprocessing = 0;
		};
		52A0E852293F818600E641B3 /* Frameworks */ = {
			isa = PBXFrameworksBuildPhase;
			buildActionMask = 2147483647;
			files = (
			);
			runOnlyForDeploymentPostprocessing = 0;
		};
/* End PBXFrameworksBuildPhase section */

/* Begin PBXGroup section */
		529AA9372949331B00943089 /* Models */ = {
			isa = PBXGroup;
			children = (
				52B2E1312947BD9800D2E7FA /* Manga.swift */,
				94F3CF5B2A1D5048005E8677 /* Feed.swift */,
				94F3CF632A24FC09005E8677 /* Chapter.swift */,
				94CB34432A449E630098F85B /* MangaAggregate.swift */,
			);
			path = Models;
			sourceTree = "<group>";
		};
		52A0E832293F818200E641B3 = {
			isa = PBXGroup;
			children = (
				52A0E83D293F818300E641B3 /* Fukkatsu */,
				52A0E84E293F818600E641B3 /* FukkatsuTests */,
				52A0E858293F818600E641B3 /* FukkatsuUITests */,
				52A0E83C293F818300E641B3 /* Products */,
			);
			sourceTree = "<group>";
		};
		52A0E83C293F818300E641B3 /* Products */ = {
			isa = PBXGroup;
			children = (
				52A0E83B293F818300E641B3 /* Fukkatsu.app */,
				52A0E84B293F818600E641B3 /* FukkatsuTests.xctest */,
				52A0E855293F818600E641B3 /* FukkatsuUITests.xctest */,
			);
			name = Products;
			sourceTree = "<group>";
		};
		52A0E83D293F818300E641B3 /* Fukkatsu */ = {
			isa = PBXGroup;
			children = (
				94203CAD2A3D589A00CC8633 /* ViewModels */,
				529AA9372949331B00943089 /* Models */,
				52A0E870293F91D400E641B3 /* Views */,
				52A0E844293F818600E641B3 /* Preview Content */,
				943F928E29883CB2007661AE /* Helper.swift */,
				52A0E83E293F818300E641B3 /* FukkatsuApp.swift */,
				94276C2E296E79A3001C0268 /* Info.plist */,
				52A0E842293F818600E641B3 /* Assets.xcassets */,
			);
			path = Fukkatsu;
			sourceTree = "<group>";
		};
		52A0E844293F818600E641B3 /* Preview Content */ = {
			isa = PBXGroup;
			children = (
				52A0E845293F818600E641B3 /* Preview Assets.xcassets */,
			);
			path = "Preview Content";
			sourceTree = "<group>";
		};
		52A0E84E293F818600E641B3 /* FukkatsuTests */ = {
			isa = PBXGroup;
			children = (
				52A0E84F293F818600E641B3 /* FukkatsuTests.swift */,
			);
			path = FukkatsuTests;
			sourceTree = "<group>";
		};
		52A0E858293F818600E641B3 /* FukkatsuUITests */ = {
			isa = PBXGroup;
			children = (
				52A0E859293F818600E641B3 /* FukkatsuUITests.swift */,
				52A0E85B293F818600E641B3 /* FukkatsuUITestsLaunchTests.swift */,
			);
			path = FukkatsuUITests;
			sourceTree = "<group>";
		};
		52A0E870293F91D400E641B3 /* Views */ = {
			isa = PBXGroup;
			children = (
				52A0E840293F818300E641B3 /* ContentView.swift */,
				52A0E86E293F91C600E641B3 /* MangaListView.swift */,
				946F9F132964F1FA001AB55A /* MangaView.swift */,
				943F928C2987F4A8007661AE /* FeedView.swift */,
				94F3CF5F2A24F57E005E8677 /* ReaderView.swift */,
			);
			path = Views;
			sourceTree = "<group>";
		};
		94203CAD2A3D589A00CC8633 /* ViewModels */ = {
			isa = PBXGroup;
			children = (
				529AA9382949338500943089 /* MangaListViewModel.swift */,
				9409C2472967224E00D583B9 /* MangaViewModel.swift */,
				94F3CF592A1D4C81005E8677 /* FeedViewModel.swift */,
				94F3CF612A24F5A2005E8677 /* ReaderViewModel.swift */,
			);
			path = ViewModels;
			sourceTree = "<group>";
		};
/* End PBXGroup section */

/* Begin PBXNativeTarget section */
		52A0E83A293F818200E641B3 /* Fukkatsu */ = {
			isa = PBXNativeTarget;
			buildConfigurationList = 52A0E85F293F818600E641B3 /* Build configuration list for PBXNativeTarget "Fukkatsu" */;
			buildPhases = (
				52A0E837293F818200E641B3 /* Sources */,
				52A0E838293F818200E641B3 /* Frameworks */,
				52A0E839293F818200E641B3 /* Resources */,
			);
			buildRules = (
			);
			dependencies = (
			);
			name = Fukkatsu;
			packageProductDependencies = (
				94FB7E532A39100300A801B2 /* Kingfisher */,
			);
			productName = Fukkatsu;
			productReference = 52A0E83B293F818300E641B3 /* Fukkatsu.app */;
			productType = "com.apple.product-type.application";
		};
		52A0E84A293F818600E641B3 /* FukkatsuTests */ = {
			isa = PBXNativeTarget;
			buildConfigurationList = 52A0E862293F818600E641B3 /* Build configuration list for PBXNativeTarget "FukkatsuTests" */;
			buildPhases = (
				52A0E847293F818600E641B3 /* Sources */,
				52A0E848293F818600E641B3 /* Frameworks */,
				52A0E849293F818600E641B3 /* Resources */,
			);
			buildRules = (
			);
			dependencies = (
				52A0E84D293F818600E641B3 /* PBXTargetDependency */,
			);
			name = FukkatsuTests;
			productName = FukkatsuTests;
			productReference = 52A0E84B293F818600E641B3 /* FukkatsuTests.xctest */;
			productType = "com.apple.product-type.bundle.unit-test";
		};
		52A0E854293F818600E641B3 /* FukkatsuUITests */ = {
			isa = PBXNativeTarget;
			buildConfigurationList = 52A0E865293F818600E641B3 /* Build configuration list for PBXNativeTarget "FukkatsuUITests" */;
			buildPhases = (
				52A0E851293F818600E641B3 /* Sources */,
				52A0E852293F818600E641B3 /* Frameworks */,
				52A0E853293F818600E641B3 /* Resources */,
			);
			buildRules = (
			);
			dependencies = (
				52A0E857293F818600E641B3 /* PBXTargetDependency */,
			);
			name = FukkatsuUITests;
			productName = FukkatsuUITests;
			productReference = 52A0E855293F818600E641B3 /* FukkatsuUITests.xctest */;
			productType = "com.apple.product-type.bundle.ui-testing";
		};
/* End PBXNativeTarget section */

/* Begin PBXProject section */
		52A0E833293F818200E641B3 /* Project object */ = {
			isa = PBXProject;
			attributes = {
				BuildIndependentTargetsInParallel = 1;
				LastSwiftUpdateCheck = 1340;
				LastUpgradeCheck = 1340;
				TargetAttributes = {
					52A0E83A293F818200E641B3 = {
						CreatedOnToolsVersion = 13.4.1;
					};
					52A0E84A293F818600E641B3 = {
						CreatedOnToolsVersion = 13.4.1;
						TestTargetID = 52A0E83A293F818200E641B3;
					};
					52A0E854293F818600E641B3 = {
						CreatedOnToolsVersion = 13.4.1;
						TestTargetID = 52A0E83A293F818200E641B3;
					};
				};
			};
			buildConfigurationList = 52A0E836293F818200E641B3 /* Build configuration list for PBXProject "Fukkatsu" */;
			compatibilityVersion = "Xcode 13.0";
			developmentRegion = en;
			hasScannedForEncodings = 0;
			knownRegions = (
				en,
				Base,
			);
			mainGroup = 52A0E832293F818200E641B3;
			packageReferences = (
				94FB7E522A39100200A801B2 /* XCRemoteSwiftPackageReference "Kingfisher" */,
			);
			productRefGroup = 52A0E83C293F818300E641B3 /* Products */;
			projectDirPath = "";
			projectRoot = "";
			targets = (
				52A0E83A293F818200E641B3 /* Fukkatsu */,
				52A0E84A293F818600E641B3 /* FukkatsuTests */,
				52A0E854293F818600E641B3 /* FukkatsuUITests */,
			);
		};
/* End PBXProject section */

/* Begin PBXResourcesBuildPhase section */
		52A0E839293F818200E641B3 /* Resources */ = {
			isa = PBXResourcesBuildPhase;
			buildActionMask = 2147483647;
			files = (
				52A0E846293F818600E641B3 /* Preview Assets.xcassets in Resources */,
				52A0E843293F818600E641B3 /* Assets.xcassets in Resources */,
			);
			runOnlyForDeploymentPostprocessing = 0;
		};
		52A0E849293F818600E641B3 /* Resources */ = {
			isa = PBXResourcesBuildPhase;
			buildActionMask = 2147483647;
			files = (
			);
			runOnlyForDeploymentPostprocessing = 0;
		};
		52A0E853293F818600E641B3 /* Resources */ = {
			isa = PBXResourcesBuildPhase;
			buildActionMask = 2147483647;
			files = (
			);
			runOnlyForDeploymentPostprocessing = 0;
		};
/* End PBXResourcesBuildPhase section */

/* Begin PBXSourcesBuildPhase section */
		52A0E837293F818200E641B3 /* Sources */ = {
			isa = PBXSourcesBuildPhase;
			buildActionMask = 2147483647;
			files = (
				94F3CF622A24F5A2005E8677 /* ReaderViewModel.swift in Sources */,
				94CB34442A449E630098F85B /* MangaAggregate.swift in Sources */,
				94F3CF602A24F57E005E8677 /* ReaderView.swift in Sources */,
				52A0E841293F818300E641B3 /* ContentView.swift in Sources */,
				52B2E1322947BD9800D2E7FA /* Manga.swift in Sources */,
				52A0E83F293F818300E641B3 /* FukkatsuApp.swift in Sources */,
				94F3CF5C2A1D5048005E8677 /* Feed.swift in Sources */,
				94F3CF5A2A1D4C81005E8677 /* FeedViewModel.swift in Sources */,
				943F928D2987F4A8007661AE /* FeedView.swift in Sources */,
				529AA9392949338500943089 /* MangaListViewModel.swift in Sources */,
				94F3CF642A24FC09005E8677 /* Chapter.swift in Sources */,
				946F9F142964F1FA001AB55A /* MangaView.swift in Sources */,
				943F928F29883CB2007661AE /* Helper.swift in Sources */,
				52A0E86F293F91C600E641B3 /* MangaListView.swift in Sources */,
				9409C2482967224E00D583B9 /* MangaViewModel.swift in Sources */,
			);
			runOnlyForDeploymentPostprocessing = 0;
		};
		52A0E847293F818600E641B3 /* Sources */ = {
			isa = PBXSourcesBuildPhase;
			buildActionMask = 2147483647;
			files = (
				52A0E850293F818600E641B3 /* FukkatsuTests.swift in Sources */,
			);
			runOnlyForDeploymentPostprocessing = 0;
		};
		52A0E851293F818600E641B3 /* Sources */ = {
			isa = PBXSourcesBuildPhase;
			buildActionMask = 2147483647;
			files = (
				52A0E85C293F818600E641B3 /* FukkatsuUITestsLaunchTests.swift in Sources */,
				52A0E85A293F818600E641B3 /* FukkatsuUITests.swift in Sources */,
			);
			runOnlyForDeploymentPostprocessing = 0;
		};
/* End PBXSourcesBuildPhase section */

/* Begin PBXTargetDependency section */
		52A0E84D293F818600E641B3 /* PBXTargetDependency */ = {
			isa = PBXTargetDependency;
			target = 52A0E83A293F818200E641B3 /* Fukkatsu */;
			targetProxy = 52A0E84C293F818600E641B3 /* PBXContainerItemProxy */;
		};
		52A0E857293F818600E641B3 /* PBXTargetDependency */ = {
			isa = PBXTargetDependency;
			target = 52A0E83A293F818200E641B3 /* Fukkatsu */;
			targetProxy = 52A0E856293F818600E641B3 /* PBXContainerItemProxy */;
		};
/* End PBXTargetDependency section */

/* Begin XCBuildConfiguration section */
		52A0E85D293F818600E641B3 /* Debug */ = {
			isa = XCBuildConfiguration;
			buildSettings = {
				ALWAYS_SEARCH_USER_PATHS = NO;
				CLANG_ANALYZER_NONNULL = YES;
				CLANG_ANALYZER_NUMBER_OBJECT_CONVERSION = YES_AGGRESSIVE;
				CLANG_CXX_LANGUAGE_STANDARD = "gnu++17";
				CLANG_ENABLE_MODULES = YES;
				CLANG_ENABLE_OBJC_ARC = YES;
				CLANG_ENABLE_OBJC_WEAK = YES;
				CLANG_WARN_BLOCK_CAPTURE_AUTORELEASING = YES;
				CLANG_WARN_BOOL_CONVERSION = YES;
				CLANG_WARN_COMMA = YES;
				CLANG_WARN_CONSTANT_CONVERSION = YES;
				CLANG_WARN_DEPRECATED_OBJC_IMPLEMENTATIONS = YES;
				CLANG_WARN_DIRECT_OBJC_ISA_USAGE = YES_ERROR;
				CLANG_WARN_DOCUMENTATION_COMMENTS = YES;
				CLANG_WARN_EMPTY_BODY = YES;
				CLANG_WARN_ENUM_CONVERSION = YES;
				CLANG_WARN_INFINITE_RECURSION = YES;
				CLANG_WARN_INT_CONVERSION = YES;
				CLANG_WARN_NON_LITERAL_NULL_CONVERSION = YES;
				CLANG_WARN_OBJC_IMPLICIT_RETAIN_SELF = YES;
				CLANG_WARN_OBJC_LITERAL_CONVERSION = YES;
				CLANG_WARN_OBJC_ROOT_CLASS = YES_ERROR;
				CLANG_WARN_QUOTED_INCLUDE_IN_FRAMEWORK_HEADER = YES;
				CLANG_WARN_RANGE_LOOP_ANALYSIS = YES;
				CLANG_WARN_STRICT_PROTOTYPES = YES;
				CLANG_WARN_SUSPICIOUS_MOVE = YES;
				CLANG_WARN_UNGUARDED_AVAILABILITY = YES_AGGRESSIVE;
				CLANG_WARN_UNREACHABLE_CODE = YES;
				CLANG_WARN__DUPLICATE_METHOD_MATCH = YES;
				COPY_PHASE_STRIP = NO;
				DEBUG_INFORMATION_FORMAT = dwarf;
				ENABLE_STRICT_OBJC_MSGSEND = YES;
				ENABLE_TESTABILITY = YES;
				GCC_C_LANGUAGE_STANDARD = gnu11;
				GCC_DYNAMIC_NO_PIC = NO;
				GCC_NO_COMMON_BLOCKS = YES;
				GCC_OPTIMIZATION_LEVEL = 0;
				GCC_PREPROCESSOR_DEFINITIONS = (
					"DEBUG=1",
					"$(inherited)",
				);
				GCC_WARN_64_TO_32_BIT_CONVERSION = YES;
				GCC_WARN_ABOUT_RETURN_TYPE = YES_ERROR;
				GCC_WARN_UNDECLARED_SELECTOR = YES;
				GCC_WARN_UNINITIALIZED_AUTOS = YES_AGGRESSIVE;
				GCC_WARN_UNUSED_FUNCTION = YES;
				GCC_WARN_UNUSED_VARIABLE = YES;
				IPHONEOS_DEPLOYMENT_TARGET = 15.5;
				MTL_ENABLE_DEBUG_INFO = INCLUDE_SOURCE;
				MTL_FAST_MATH = YES;
				ONLY_ACTIVE_ARCH = YES;
				SDKROOT = iphoneos;
				SWIFT_ACTIVE_COMPILATION_CONDITIONS = DEBUG;
				SWIFT_OPTIMIZATION_LEVEL = "-Onone";
			};
			name = Debug;
		};
		52A0E85E293F818600E641B3 /* Release */ = {
			isa = XCBuildConfiguration;
			buildSettings = {
				ALWAYS_SEARCH_USER_PATHS = NO;
				CLANG_ANALYZER_NONNULL = YES;
				CLANG_ANALYZER_NUMBER_OBJECT_CONVERSION = YES_AGGRESSIVE;
				CLANG_CXX_LANGUAGE_STANDARD = "gnu++17";
				CLANG_ENABLE_MODULES = YES;
				CLANG_ENABLE_OBJC_ARC = YES;
				CLANG_ENABLE_OBJC_WEAK = YES;
				CLANG_WARN_BLOCK_CAPTURE_AUTORELEASING = YES;
				CLANG_WARN_BOOL_CONVERSION = YES;
				CLANG_WARN_COMMA = YES;
				CLANG_WARN_CONSTANT_CONVERSION = YES;
				CLANG_WARN_DEPRECATED_OBJC_IMPLEMENTATIONS = YES;
				CLANG_WARN_DIRECT_OBJC_ISA_USAGE = YES_ERROR;
				CLANG_WARN_DOCUMENTATION_COMMENTS = YES;
				CLANG_WARN_EMPTY_BODY = YES;
				CLANG_WARN_ENUM_CONVERSION = YES;
				CLANG_WARN_INFINITE_RECURSION = YES;
				CLANG_WARN_INT_CONVERSION = YES;
				CLANG_WARN_NON_LITERAL_NULL_CONVERSION = YES;
				CLANG_WARN_OBJC_IMPLICIT_RETAIN_SELF = YES;
				CLANG_WARN_OBJC_LITERAL_CONVERSION = YES;
				CLANG_WARN_OBJC_ROOT_CLASS = YES_ERROR;
				CLANG_WARN_QUOTED_INCLUDE_IN_FRAMEWORK_HEADER = YES;
				CLANG_WARN_RANGE_LOOP_ANALYSIS = YES;
				CLANG_WARN_STRICT_PROTOTYPES = YES;
				CLANG_WARN_SUSPICIOUS_MOVE = YES;
				CLANG_WARN_UNGUARDED_AVAILABILITY = YES_AGGRESSIVE;
				CLANG_WARN_UNREACHABLE_CODE = YES;
				CLANG_WARN__DUPLICATE_METHOD_MATCH = YES;
				COPY_PHASE_STRIP = NO;
				DEBUG_INFORMATION_FORMAT = "dwarf-with-dsym";
				ENABLE_NS_ASSERTIONS = NO;
				ENABLE_STRICT_OBJC_MSGSEND = YES;
				GCC_C_LANGUAGE_STANDARD = gnu11;
				GCC_NO_COMMON_BLOCKS = YES;
				GCC_WARN_64_TO_32_BIT_CONVERSION = YES;
				GCC_WARN_ABOUT_RETURN_TYPE = YES_ERROR;
				GCC_WARN_UNDECLARED_SELECTOR = YES;
				GCC_WARN_UNINITIALIZED_AUTOS = YES_AGGRESSIVE;
				GCC_WARN_UNUSED_FUNCTION = YES;
				GCC_WARN_UNUSED_VARIABLE = YES;
				IPHONEOS_DEPLOYMENT_TARGET = 15.5;
				MTL_ENABLE_DEBUG_INFO = NO;
				MTL_FAST_MATH = YES;
				SDKROOT = iphoneos;
				SWIFT_COMPILATION_MODE = wholemodule;
				SWIFT_OPTIMIZATION_LEVEL = "-O";
				VALIDATE_PRODUCT = YES;
			};
			name = Release;
		};
		52A0E860293F818600E641B3 /* Debug */ = {
			isa = XCBuildConfiguration;
			buildSettings = {
				ASSETCATALOG_COMPILER_APPICON_NAME = AppIcon;
				ASSETCATALOG_COMPILER_GLOBAL_ACCENT_COLOR_NAME = AccentColor;
				CODE_SIGN_STYLE = Automatic;
				CURRENT_PROJECT_VERSION = 1;
				DEVELOPMENT_ASSET_PATHS = "\"Fukkatsu/Preview Content\"";
				DEVELOPMENT_TEAM = APBZ83HC9L;
				ENABLE_PREVIEWS = YES;
				GENERATE_INFOPLIST_FILE = YES;
				INFOPLIST_FILE = Fukkatsu/Info.plist;
				"INFOPLIST_FILE[sdk=*]" = "";
				INFOPLIST_KEY_CFBundleDisplayName = Fukkatsu;
				INFOPLIST_KEY_LSApplicationCategoryType = "public.app-category.books";
				INFOPLIST_KEY_UIApplicationSupportsIndirectInputEvents = YES;
				INFOPLIST_KEY_UILaunchScreen_Generation = YES;
				INFOPLIST_KEY_UISupportedInterfaceOrientations_iPad = "UIInterfaceOrientationLandscapeLeft UIInterfaceOrientationLandscapeRight UIInterfaceOrientationPortrait UIInterfaceOrientationPortraitUpsideDown";
				LD_RUNPATH_SEARCH_PATHS = (
					"$(inherited)",
					"@executable_path/Frameworks",
				);
				MARKETING_VERSION = 1.0;
				PRODUCT_BUNDLE_IDENTIFIER = Loif.Fukkatsu;
				PRODUCT_NAME = "$(TARGET_NAME)";
				SWIFT_EMIT_LOC_STRINGS = YES;
				SWIFT_VERSION = 5.0;
				TARGETED_DEVICE_FAMILY = "1,2";
			};
			name = Debug;
		};
		52A0E861293F818600E641B3 /* Release */ = {
			isa = XCBuildConfiguration;
			buildSettings = {
				ASSETCATALOG_COMPILER_APPICON_NAME = AppIcon;
				ASSETCATALOG_COMPILER_GLOBAL_ACCENT_COLOR_NAME = AccentColor;
				CODE_SIGN_STYLE = Automatic;
				CURRENT_PROJECT_VERSION = 1;
				DEVELOPMENT_ASSET_PATHS = "\"Fukkatsu/Preview Content\"";
				DEVELOPMENT_TEAM = APBZ83HC9L;
				ENABLE_PREVIEWS = YES;
				GENERATE_INFOPLIST_FILE = YES;
				INFOPLIST_FILE = Fukkatsu/Info.plist;
				"INFOPLIST_FILE[sdk=*]" = "";
				INFOPLIST_KEY_CFBundleDisplayName = Fukkatsu;
				INFOPLIST_KEY_LSApplicationCategoryType = "public.app-category.books";
				INFOPLIST_KEY_UIApplicationSupportsIndirectInputEvents = YES;
				INFOPLIST_KEY_UILaunchScreen_Generation = YES;
				INFOPLIST_KEY_UISupportedInterfaceOrientations_iPad = "UIInterfaceOrientationLandscapeLeft UIInterfaceOrientationLandscapeRight UIInterfaceOrientationPortrait UIInterfaceOrientationPortraitUpsideDown";
				LD_RUNPATH_SEARCH_PATHS = (
					"$(inherited)",
					"@executable_path/Frameworks",
				);
				MARKETING_VERSION = 1.0;
				PRODUCT_BUNDLE_IDENTIFIER = Loif.Fukkatsu;
				PRODUCT_NAME = "$(TARGET_NAME)";
				SWIFT_EMIT_LOC_STRINGS = YES;
				SWIFT_VERSION = 5.0;
				TARGETED_DEVICE_FAMILY = "1,2";
			};
			name = Release;
		};
		52A0E863293F818600E641B3 /* Debug */ = {
			isa = XCBuildConfiguration;
			buildSettings = {
				ALWAYS_EMBED_SWIFT_STANDARD_LIBRARIES = YES;
				BUNDLE_LOADER = "$(TEST_HOST)";
				CODE_SIGN_STYLE = Automatic;
				CURRENT_PROJECT_VERSION = 1;
				GENERATE_INFOPLIST_FILE = YES;
				IPHONEOS_DEPLOYMENT_TARGET = 15.5;
				MARKETING_VERSION = 1.0;
				PRODUCT_BUNDLE_IDENTIFIER = Loif.FukkatsuTests;
				PRODUCT_NAME = "$(TARGET_NAME)";
				SWIFT_EMIT_LOC_STRINGS = NO;
				SWIFT_VERSION = 5.0;
				TARGETED_DEVICE_FAMILY = "1,2";
				TEST_HOST = "$(BUILT_PRODUCTS_DIR)/Fukkatsu.app/Fukkatsu";
			};
			name = Debug;
		};
		52A0E864293F818600E641B3 /* Release */ = {
			isa = XCBuildConfiguration;
			buildSettings = {
				ALWAYS_EMBED_SWIFT_STANDARD_LIBRARIES = YES;
				BUNDLE_LOADER = "$(TEST_HOST)";
				CODE_SIGN_STYLE = Automatic;
				CURRENT_PROJECT_VERSION = 1;
				GENERATE_INFOPLIST_FILE = YES;
				IPHONEOS_DEPLOYMENT_TARGET = 15.5;
				MARKETING_VERSION = 1.0;
				PRODUCT_BUNDLE_IDENTIFIER = Loif.FukkatsuTests;
				PRODUCT_NAME = "$(TARGET_NAME)";
				SWIFT_EMIT_LOC_STRINGS = NO;
				SWIFT_VERSION = 5.0;
				TARGETED_DEVICE_FAMILY = "1,2";
				TEST_HOST = "$(BUILT_PRODUCTS_DIR)/Fukkatsu.app/Fukkatsu";
			};
			name = Release;
		};
		52A0E866293F818600E641B3 /* Debug */ = {
			isa = XCBuildConfiguration;
			buildSettings = {
				ALWAYS_EMBED_SWIFT_STANDARD_LIBRARIES = YES;
				CODE_SIGN_STYLE = Automatic;
				CURRENT_PROJECT_VERSION = 1;
				GENERATE_INFOPLIST_FILE = YES;
				MARKETING_VERSION = 1.0;
				PRODUCT_BUNDLE_IDENTIFIER = Loif.FukkatsuUITests;
				PRODUCT_NAME = "$(TARGET_NAME)";
				SWIFT_EMIT_LOC_STRINGS = NO;
				SWIFT_VERSION = 5.0;
				TARGETED_DEVICE_FAMILY = "1,2";
				TEST_TARGET_NAME = Fukkatsu;
			};
			name = Debug;
		};
		52A0E867293F818600E641B3 /* Release */ = {
			isa = XCBuildConfiguration;
			buildSettings = {
				ALWAYS_EMBED_SWIFT_STANDARD_LIBRARIES = YES;
				CODE_SIGN_STYLE = Automatic;
				CURRENT_PROJECT_VERSION = 1;
				GENERATE_INFOPLIST_FILE = YES;
				MARKETING_VERSION = 1.0;
				PRODUCT_BUNDLE_IDENTIFIER = Loif.FukkatsuUITests;
				PRODUCT_NAME = "$(TARGET_NAME)";
				SWIFT_EMIT_LOC_STRINGS = NO;
				SWIFT_VERSION = 5.0;
				TARGETED_DEVICE_FAMILY = "1,2";
				TEST_TARGET_NAME = Fukkatsu;
			};
			name = Release;
		};
/* End XCBuildConfiguration section */

/* Begin XCConfigurationList section */
		52A0E836293F818200E641B3 /* Build configuration list for PBXProject "Fukkatsu" */ = {
			isa = XCConfigurationList;
			buildConfigurations = (
				52A0E85D293F818600E641B3 /* Debug */,
				52A0E85E293F818600E641B3 /* Release */,
			);
			defaultConfigurationIsVisible = 0;
			defaultConfigurationName = Release;
		};
		52A0E85F293F818600E641B3 /* Build configuration list for PBXNativeTarget "Fukkatsu" */ = {
			isa = XCConfigurationList;
			buildConfigurations = (
				52A0E860293F818600E641B3 /* Debug */,
				52A0E861293F818600E641B3 /* Release */,
			);
			defaultConfigurationIsVisible = 0;
			defaultConfigurationName = Release;
		};
		52A0E862293F818600E641B3 /* Build configuration list for PBXNativeTarget "FukkatsuTests" */ = {
			isa = XCConfigurationList;
			buildConfigurations = (
				52A0E863293F818600E641B3 /* Debug */,
				52A0E864293F818600E641B3 /* Release */,
			);
			defaultConfigurationIsVisible = 0;
			defaultConfigurationName = Release;
		};
		52A0E865293F818600E641B3 /* Build configuration list for PBXNativeTarget "FukkatsuUITests" */ = {
			isa = XCConfigurationList;
			buildConfigurations = (
				52A0E866293F818600E641B3 /* Debug */,
				52A0E867293F818600E641B3 /* Release */,
			);
			defaultConfigurationIsVisible = 0;
			defaultConfigurationName = Release;
		};
/* End XCConfigurationList section */

/* Begin XCRemoteSwiftPackageReference section */
		94FB7E522A39100200A801B2 /* XCRemoteSwiftPackageReference "Kingfisher" */ = {
			isa = XCRemoteSwiftPackageReference;
			repositoryURL = "https://github.com/onevcat/Kingfisher.git";
			requirement = {
				kind = upToNextMajorVersion;
				minimumVersion = 7.0.0;
			};
		};
/* End XCRemoteSwiftPackageReference section */

/* Begin XCSwiftPackageProductDependency section */
		94FB7E532A39100300A801B2 /* Kingfisher */ = {
			isa = XCSwiftPackageProductDependency;
			package = 94FB7E522A39100200A801B2 /* XCRemoteSwiftPackageReference "Kingfisher" */;
			productName = Kingfisher;
		};
/* End XCSwiftPackageProductDependency section */
	};
	rootObject = 52A0E833293F818200E641B3 /* Project object */;
}
